
Microsoft Visual Studio Solution File, Format Version 12.00
# Visual Studio 2013
VisualStudioVersion = 12.0.31101.0
MinimumVisualStudioVersion = 10.0.40219.1
Project("{FAE04EC0-301F-11D3-BF4B-00C04F79EFBC}") = "Fync.Api", "Fync.Api\Fync.Api.csproj", "{82336704-3048-4205-BEC3-9A1FC643D137}"
EndProject
Project("{FAE04EC0-301F-11D3-BF4B-00C04F79EFBC}") = "Fync.Data", "Fync.Data\Fync.Data.csproj", "{3074A107-12FF-47D8-86CA-F4B506B562AF}"
EndProject
Project("{FAE04EC0-301F-11D3-BF4B-00C04F79EFBC}") = "Fync.Common", "Fync.Common\Fync.Common.csproj", "{54B35500-158C-4E88-A14D-325F0EF39F36}"
EndProject
Project("{FAE04EC0-301F-11D3-BF4B-00C04F79EFBC}") = "Fync.Service", "Fync.Service\Fync.Service.csproj", "{1BABFEF7-6C54-412B-A2B7-376D0A3B4254}"
EndProject
Project("{FAE04EC0-301F-11D3-BF4B-00C04F79EFBC}") = "Fync.Client", "Fync.Client\Fync.Client.csproj", "{2072B023-A82A-4D55-81C5-7DE49F422E80}"
EndProject
Project("{2150E333-8FDC-42A3-9474-1A3956D46DE8}") = "Tests", "Tests", "{B7420E70-9532-41A2-9BC1-73187A7A2904}"
EndProject
Project("{FAE04EC0-301F-11D3-BF4B-00C04F79EFBC}") = "Fync.Client.Tests", "Fync.Client.Tests\Fync.Client.Tests.csproj", "{40C756DC-A237-4F41-9CFC-27378CF04637}"
EndProject
Project("{2150E333-8FDC-42A3-9474-1A3956D46DE8}") = ".nuget", ".nuget", "{ADE2AEA4-BC36-43F6-8027-BA6841451464}"
	ProjectSection(SolutionItems) = preProject
		.nuget\NuGet.Config = .nuget\NuGet.Config
		.nuget\NuGet.exe = .nuget\NuGet.exe
		.nuget\NuGet.targets = .nuget\NuGet.targets
		.nuget\packages.config = .nuget\packages.config
	EndProjectSection
EndProject
Project("{FAE04EC0-301F-11D3-BF4B-00C04F79EFBC}") = "Fync.Client.Windows", "Fync.Client.Windows\Fync.Client.Windows.csproj", "{3F83BEAC-F473-479B-90A7-C220075A2D7C}"
EndProject
Project("{FAE04EC0-301F-11D3-BF4B-00C04F79EFBC}") = "Fync.Web", "Fync.Web\Fync.Web.csproj", "{5E552445-F7A7-4AA2-9B38-FBE9A31E38EF}"
EndProject
Global
	GlobalSection(SolutionConfigurationPlatforms) = preSolution
		Debug|Any CPU = Debug|Any CPU
		Release|Any CPU = Release|Any CPU
	EndGlobalSection
	GlobalSection(ProjectConfigurationPlatforms) = postSolution
		{82336704-3048-4205-BEC3-9A1FC643D137}.Debug|Any CPU.ActiveCfg = Debug|Any CPU
		{82336704-3048-4205-BEC3-9A1FC643D137}.Debug|Any CPU.Build.0 = Debug|Any CPU
		{82336704-3048-4205-BEC3-9A1FC643D137}.Release|Any CPU.ActiveCfg = Release|Any CPU
		{82336704-3048-4205-BEC3-9A1FC643D137}.Release|Any CPU.Build.0 = Release|Any CPU
		{3074A107-12FF-47D8-86CA-F4B506B562AF}.Debug|Any CPU.ActiveCfg = Debug|Any CPU
		{3074A107-12FF-47D8-86CA-F4B506B562AF}.Debug|Any CPU.Build.0 = Debug|Any CPU
		{3074A107-12FF-47D8-86CA-F4B506B562AF}.Release|Any CPU.ActiveCfg = Release|Any CPU
		{3074A107-12FF-47D8-86CA-F4B506B562AF}.Release|Any CPU.Build.0 = Release|Any CPU
		{54B35500-158C-4E88-A14D-325F0EF39F36}.Debug|Any CPU.ActiveCfg = Debug|Any CPU
		{54B35500-158C-4E88-A14D-325F0EF39F36}.Debug|Any CPU.Build.0 = Debug|Any CPU
		{54B35500-158C-4E88-A14D-325F0EF39F36}.Release|Any CPU.ActiveCfg = Release|Any CPU
		{54B35500-158C-4E88-A14D-325F0EF39F36}.Release|Any CPU.Build.0 = Release|Any CPU
		{1BABFEF7-6C54-412B-A2B7-376D0A3B4254}.Debug|Any CPU.ActiveCfg = Debug|Any CPU
		{1BABFEF7-6C54-412B-A2B7-376D0A3B4254}.Debug|Any CPU.Build.0 = Debug|Any CPU
		{1BABFEF7-6C54-412B-A2B7-376D0A3B4254}.Release|Any CPU.ActiveCfg = Release|Any CPU
		{1BABFEF7-6C54-412B-A2B7-376D0A3B4254}.Release|Any CPU.Build.0 = Release|Any CPU
		{2072B023-A82A-4D55-81C5-7DE49F422E80}.Debug|Any CPU.ActiveCfg = Debug|Any CPU
		{2072B023-A82A-4D55-81C5-7DE49F422E80}.Debug|Any CPU.Build.0 = Debug|Any CPU
		{2072B023-A82A-4D55-81C5-7DE49F422E80}.Release|Any CPU.ActiveCfg = Release|Any CPU
		{2072B023-A82A-4D55-81C5-7DE49F422E80}.Release|Any CPU.Build.0 = Release|Any CPU
		{40C756DC-A237-4F41-9CFC-27378CF04637}.Debug|Any CPU.ActiveCfg = Debug|Any CPU
		{40C756DC-A237-4F41-9CFC-27378CF04637}.Debug|Any CPU.Build.0 = Debug|Any CPU
		{40C756DC-A237-4F41-9CFC-27378CF04637}.Release|Any CPU.ActiveCfg = Release|Any CPU
		{40C756DC-A237-4F41-9CFC-27378CF04637}.Release|Any CPU.Build.0 = Release|Any CPU
		{3F83BEAC-F473-479B-90A7-C220075A2D7C}.Debug|Any CPU.ActiveCfg = Debug|Any CPU
		{3F83BEAC-F473-479B-90A7-C220075A2D7C}.Debug|Any CPU.Build.0 = Debug|Any CPU
		{3F83BEAC-F473-479B-90A7-C220075A2D7C}.Release|Any CPU.ActiveCfg = Release|Any CPU
		{3F83BEAC-F473-479B-90A7-C220075A2D7C}.Release|Any CPU.Build.0 = Release|Any CPU
		{5E552445-F7A7-4AA2-9B38-FBE9A31E38EF}.Debug|Any CPU.ActiveCfg = Debug|Any CPU
		{5E552445-F7A7-4AA2-9B38-FBE9A31E38EF}.Debug|Any CPU.Build.0 = Debug|Any CPU
		{5E552445-F7A7-4AA2-9B38-FBE9A31E38EF}.Release|Any CPU.ActiveCfg = Release|Any CPU
		{5E552445-F7A7-4AA2-9B38-FBE9A31E38EF}.Release|Any CPU.Build.0 = Release|Any CPU
	EndGlobalSection
	GlobalSection(SolutionProperties) = preSolution
		HideSolutionNode = FALSE
	EndGlobalSection
	GlobalSection(NestedProjects) = preSolution
		{40C756DC-A237-4F41-9CFC-27378CF04637} = {B7420E70-9532-41A2-9BC1-73187A7A2904}
	EndGlobalSection
EndGlobal
